// !$*UTF8*$!
{
	archiveVersion = 1;
	classes = {
	};
	objectVersion = 46;
	objects = {

/* Begin PBXBuildFile section */
		7461F13C1F3F5ACD006C679E /* MemeObject.swift in Sources */ = {isa = PBXBuildFile; fileRef = 7461F13B1F3F5ACD006C679E /* MemeObject.swift */; };
		7461F13E1F3F689B006C679E /* MemeTextFieldDelegate.swift in Sources */ = {isa = PBXBuildFile; fileRef = 7461F13D1F3F689B006C679E /* MemeTextFieldDelegate.swift */; };
		7461F1401F3F6A6E006C679E /* MemeImagePickerDelegate.swift in Sources */ = {isa = PBXBuildFile; fileRef = 7461F13F1F3F6A6E006C679E /* MemeImagePickerDelegate.swift */; };
		74A02D6F1F3781ED0017828A /* AppDelegate.swift in Sources */ = {isa = PBXBuildFile; fileRef = 74A02D6E1F3781ED0017828A /* AppDelegate.swift */; };
		74A02D711F3781ED0017828A /* MemeViewController.swift in Sources */ = {isa = PBXBuildFile; fileRef = 74A02D701F3781ED0017828A /* MemeViewController.swift */; };
		74A02D741F3781ED0017828A /* Main.storyboard in Resources */ = {isa = PBXBuildFile; fileRef = 74A02D721F3781ED0017828A /* Main.storyboard */; };
		74A02D761F3781ED0017828A /* Assets.xcassets in Resources */ = {isa = PBXBuildFile; fileRef = 74A02D751F3781ED0017828A /* Assets.xcassets */; };
		74A02D791F3781ED0017828A /* LaunchScreen.storyboard in Resources */ = {isa = PBXBuildFile; fileRef = 74A02D771F3781ED0017828A /* LaunchScreen.storyboard */; };
/* End PBXBuildFile section */

/* Begin PBXFileReference section */
		7461F13B1F3F5ACD006C679E /* MemeObject.swift */ = {isa = PBXFileReference; fileEncoding = 4; lastKnownFileType = sourcecode.swift; path = MemeObject.swift; sourceTree = "<group>"; };
		7461F13D1F3F689B006C679E /* MemeTextFieldDelegate.swift */ = {isa = PBXFileReference; fileEncoding = 4; lastKnownFileType = sourcecode.swift; path = MemeTextFieldDelegate.swift; sourceTree = "<group>"; };
		7461F13F1F3F6A6E006C679E /* MemeImagePickerDelegate.swift */ = {isa = PBXFileReference; fileEncoding = 4; lastKnownFileType = sourcecode.swift; path = MemeImagePickerDelegate.swift; sourceTree = "<group>"; };
		74A02D6B1F3781ED0017828A /* MemeCreaterApp.app */ = {isa = PBXFileReference; explicitFileType = wrapper.application; includeInIndex = 0; path = MemeCreaterApp.app; sourceTree = BUILT_PRODUCTS_DIR; };
		74A02D6E1F3781ED0017828A /* AppDelegate.swift */ = {isa = PBXFileReference; lastKnownFileType = sourcecode.swift; path = AppDelegate.swift; sourceTree = "<group>"; };
		74A02D701F3781ED0017828A /* MemeViewController.swift */ = {isa = PBXFileReference; lastKnownFileType = sourcecode.swift; path = MemeViewController.swift; sourceTree = "<group>"; };
		74A02D731F3781ED0017828A /* Base */ = {isa = PBXFileReference; lastKnownFileType = file.storyboard; name = Base; path = Base.lproj/Main.storyboard; sourceTree = "<group>"; };
		74A02D751F3781ED0017828A /* Assets.xcassets */ = {isa = PBXFileReference; lastKnownFileType = folder.assetcatalog; path = Assets.xcassets; sourceTree = "<group>"; };
		74A02D781F3781ED0017828A /* Base */ = {isa = PBXFileReference; lastKnownFileType = file.storyboard; name = Base; path = Base.lproj/LaunchScreen.storyboard; sourceTree = "<group>"; };
		74A02D7A1F3781ED0017828A /* Info.plist */ = {isa = PBXFileReference; lastKnownFileType = text.plist.xml; path = Info.plist; sourceTree = "<group>"; };
/* End PBXFileReference section */

/* Begin PBXFrameworksBuildPhase section */
		74A02D681F3781ED0017828A /* Frameworks */ = {
			isa = PBXFrameworksBuildPhase;
			buildActionMask = 2147483647;
			files = (
			);
			runOnlyForDeploymentPostprocessing = 0;
		};
/* End PBXFrameworksBuildPhase section */

/* Begin PBXGroup section */
		74A02D621F3781ED0017828A = {
			isa = PBXGroup;
			children = (
				74A02D6D1F3781ED0017828A /* MemeCreaterApp */,
				74A02D6C1F3781ED0017828A /* Products */,
			);
			sourceTree = "<group>";
		};
		74A02D6C1F3781ED0017828A /* Products */ = {
			isa = PBXGroup;
			children = (
				74A02D6B1F3781ED0017828A /* MemeCreaterApp.app */,
			);
			name = Products;
			sourceTree = "<group>";
		};
		74A02D6D1F3781ED0017828A /* MemeCreaterApp */ = {
			isa = PBXGroup;
			children = (
				74A02D6E1F3781ED0017828A /* AppDelegate.swift */,
				74A02D701F3781ED0017828A /* MemeViewController.swift */,
				7461F13F1F3F6A6E006C679E /* MemeImagePickerDelegate.swift */,
				7461F13D1F3F689B006C679E /* MemeTextFieldDelegate.swift */,
				74A02D721F3781ED0017828A /* Main.storyboard */,
				7461F13B1F3F5ACD006C679E /* MemeObject.swift */,
				74A02D751F3781ED0017828A /* Assets.xcassets */,
				74A02D771F3781ED0017828A /* LaunchScreen.storyboard */,
				74A02D7A1F3781ED0017828A /* Info.plist */,
			);
			path = MemeCreaterApp;
			sourceTree = "<group>";
		};
/* End PBXGroup section */

/* Begin PBXNativeTarget section */
		74A02D6A1F3781ED0017828A /* MemeCreaterApp */ = {
			isa = PBXNativeTarget;
			buildConfigurationList = 74A02D7D1F3781ED0017828A /* Build configuration list for PBXNativeTarget "MemeCreaterApp" */;
			buildPhases = (
				74A02D671F3781ED0017828A /* Sources */,
				74A02D681F3781ED0017828A /* Frameworks */,
				74A02D691F3781ED0017828A /* Resources */,
			);
			buildRules = (
			);
			dependencies = (
			);
			name = MemeCreaterApp;
			productName = MemeCreaterApp;
			productReference = 74A02D6B1F3781ED0017828A /* MemeCreaterApp.app */;
			productType = "com.apple.product-type.application";
		};
/* End PBXNativeTarget section */

/* Begin PBXProject section */
		74A02D631F3781ED0017828A /* Project object */ = {
			isa = PBXProject;
			attributes = {
				LastSwiftUpdateCheck = 0830;
				LastUpgradeCheck = 0830;
				ORGANIZATIONNAME = "Vasantha kumar";
				TargetAttributes = {
					74A02D6A1F3781ED0017828A = {
						CreatedOnToolsVersion = 8.3.3;
						ProvisioningStyle = Automatic;
					};
				};
			};
			buildConfigurationList = 74A02D661F3781ED0017828A /* Build configuration list for PBXProject "MemeCreaterApp" */;
			compatibilityVersion = "Xcode 3.2";
			developmentRegion = English;
			hasScannedForEncodings = 0;
			knownRegions = (
				en,
				Base,
			);
			mainGroup = 74A02D621F3781ED0017828A;
			productRefGroup = 74A02D6C1F3781ED0017828A /* Products */;
			projectDirPath = "";
			projectRoot = "";
			targets = (
				74A02D6A1F3781ED0017828A /* MemeCreaterApp */,
			);
		};
/* End PBXProject section */

/* Begin PBXResourcesBuildPhase section */
		74A02D691F3781ED0017828A /* Resources */ = {
			isa = PBXResourcesBuildPhase;
			buildActionMask = 2147483647;
			files = (
				74A02D791F3781ED0017828A /* LaunchScreen.storyboard in Resources */,
				74A02D761F3781ED0017828A /* Assets.xcassets in Resources */,
				74A02D741F3781ED0017828A /* Main.storyboard in Resources */,
			);
			runOnlyForDeploymentPostprocessing = 0;
		};
/* End PBXResourcesBuildPhase section */

/* Begin PBXSourcesBuildPhase section */
		74A02D671F3781ED0017828A /* Sources */ = {
			isa = PBXSourcesBuildPhase;
			buildActionMask = 2147483647;
			files = (
				7461F13C1F3F5ACD006C679E /* MemeObject.swift in Sources */,
				74A02D711F3781ED0017828A /* MemeViewController.swift in Sources */,
				7461F13E1F3F689B006C679E /* MemeTextFieldDelegate.swift in Sources */,
				7461F1401F3F6A6E006C679E /* MemeImagePickerDelegate.swift in Sources */,
				74A02D6F1F3781ED0017828A /* AppDelegate.swift in Sources */,
			);
			runOnlyForDeploymentPostprocessing = 0;
		};
/* End PBXSourcesBuildPhase section */

/* Begin PBXVariantGroup section */
		74A02D721F3781ED0017828A /* Main.storyboard */ = {
			isa = PBXVariantGroup;
			children = (
				74A02D731F3781ED0017828A /* Base */,
			);
			name = Main.storyboard;
			sourceTree = "<group>";
		};
		74A02D771F3781ED0017828A /* LaunchScreen.storyboard */ = {
			isa = PBXVariantGroup;
			children = (
				74A02D781F3781ED0017828A /* Base */,
			);
			name = LaunchScreen.storyboard;
			sourceTree = "<group>";
		};
/* End PBXVariantGroup section */

/* Begin XCBuildConfiguration section */
		74A02D7B1F3781ED0017828A /* Debug */ = {
			isa = XCBuildConfiguration;
			buildSettings = {
				ALWAYS_SEARCH_USER_PATHS = NO;
				CLANG_ANALYZER_NONNULL = YES;
				CLANG_ANALYZER_NUMBER_OBJECT_CONVERSION = YES_AGGRESSIVE;
				CLANG_CXX_LANGUAGE_STANDARD = "gnu++0x";
				CLANG_CXX_LIBRARY = "libc++";
				CLANG_ENABLE_MODULES = YES;
				CLANG_ENABLE_OBJC_ARC = YES;
				CLANG_WARN_BOOL_CONVERSION = YES;
				CLANG_WARN_CONSTANT_CONVERSION = YES;
				CLANG_WARN_DIRECT_OBJC_ISA_USAGE = YES_ERROR;
				CLANG_WARN_DOCUMENTATION_COMMENTS = YES;
				CLANG_WARN_EMPTY_BODY = YES;
				CLANG_WARN_ENUM_CONVERSION = YES;
				CLANG_WARN_INFINITE_RECURSION = YES;
				CLANG_WARN_INT_CONVERSION = YES;
				CLANG_WARN_OBJC_ROOT_CLASS = YES_ERROR;
				CLANG_WARN_SUSPICIOUS_MOVE = YES;
				CLANG_WARN_UNREACHABLE_CODE = YES;
				CLANG_WARN__DUPLICATE_METHOD_MATCH = YES;
				"CODE_SIGN_IDENTITY[sdk=iphoneos*]" = "iPhone Developer";
				COPY_PHASE_STRIP = NO;
				DEBUG_INFORMATION_FORMAT = dwarf;
				ENABLE_STRICT_OBJC_MSGSEND = YES;
				ENABLE_TESTABILITY = YES;
				GCC_C_LANGUAGE_STANDARD = gnu99;
				GCC_DYNAMIC_NO_PIC = NO;
				GCC_NO_COMMON_BLOCKS = YES;
				GCC_OPTIMIZATION_LEVEL = 0;
				GCC_PREPROCESSOR_DEFINITIONS = (
					"DEBUG=1",
					"$(inherited)",
				);
				GCC_WARN_64_TO_32_BIT_CONVERSION = YES;
				GCC_WARN_ABOUT_RETURN_TYPE = YES_ERROR;
				GCC_WARN_UNDECLARED_SELECTOR = YES;
				GCC_WARN_UNINITIALIZED_AUTOS = YES_AGGRESSIVE;
				GCC_WARN_UNUSED_FUNCTION = YES;
				GCC_WARN_UNUSED_VARIABLE = YES;
				IPHONEOS_DEPLOYMENT_TARGET = 10.3;
				MTL_ENABLE_DEBUG_INFO = YES;
				ONLY_ACTIVE_ARCH = YES;
				SDKROOT = iphoneos;
				SWIFT_ACTIVE_COMPILATION_CONDITIONS = DEBUG;
				SWIFT_OPTIMIZATION_LEVEL = "-Onone";
				TARGETED_DEVICE_FAMILY = "1,2";
			};
			name = Debug;
		};
		74A02D7C1F3781ED0017828A /* Release */ = {
			isa = XCBuildConfiguration;
			buildSettings = {
				ALWAYS_SEARCH_USER_PATHS = NO;
				CLANG_ANALYZER_NONNULL = YES;
				CLANG_ANALYZER_NUMBER_OBJECT_CONVERSION = YES_AGGRESSIVE;
				CLANG_CXX_LANGUAGE_STANDARD = "gnu++0x";
				CLANG_CXX_LIBRARY = "libc++";
				CLANG_ENABLE_MODULES = YES;
				CLANG_ENABLE_OBJC_ARC = YES;
				CLANG_WARN_BOOL_CONVERSION = YES;
				CLANG_WARN_CONSTANT_CONVERSION = YES;
				CLANG_WARN_DIRECT_OBJC_ISA_USAGE = YES_ERROR;
				CLANG_WARN_DOCUMENTATION_COMMENTS = YES;
				CLANG_WARN_EMPTY_BODY = YES;
				CLANG_WARN_ENUM_CONVERSION = YES;
				CLANG_WARN_INFINITE_RECURSION = YES;
				CLANG_WARN_INT_CONVERSION = YES;
				CLANG_WARN_OBJC_ROOT_CLASS = YES_ERROR;
				CLANG_WARN_SUSPICIOUS_MOVE = YES;
				CLANG_WARN_UNREACHABLE_CODE = YES;
				CLANG_WARN__DUPLICATE_METHOD_MATCH = YES;
				"CODE_SIGN_IDENTITY[sdk=iphoneos*]" = "iPhone Developer";
				COPY_PHASE_STRIP = NO;
				DEBUG_INFORMATION_FORMAT = "dwarf-with-dsym";
				ENABLE_NS_ASSERTIONS = NO;
				ENABLE_STRICT_OBJC_MSGSEND = YES;
				GCC_C_LANGUAGE_STANDARD = gnu99;
				GCC_NO_COMMON_BLOCKS = YES;
				GCC_WARN_64_TO_32_BIT_CONVERSION = YES;
				GCC_WARN_ABOUT_RETURN_TYPE = YES_ERROR;
				GCC_WARN_UNDECLARED_SELECTOR = YES;
				GCC_WARN_UNINITIALIZED_AUTOS = YES_AGGRESSIVE;
				GCC_WARN_UNUSED_FUNCTION = YES;
				GCC_WARN_UNUSED_VARIABLE = YES;
				IPHONEOS_DEPLOYMENT_TARGET = 10.3;
				MTL_ENABLE_DEBUG_INFO = NO;
				SDKROOT = iphoneos;
				SWIFT_OPTIMIZATION_LEVEL = "-Owholemodule";
				TARGETED_DEVICE_FAMILY = "1,2";
				VALIDATE_PRODUCT = YES;
			};
			name = Release;
		};
		74A02D7E1F3781ED0017828A /* Debug */ = {
			isa = XCBuildConfiguration;
			buildSettings = {
				ASSETCATALOG_COMPILER_APPICON_NAME = AppIcon;
				INFOPLIST_FILE = MemeCreaterApp/Info.plist;
				LD_RUNPATH_SEARCH_PATHS = "$(inherited) @executable_path/Frameworks";
				PRODUCT_BUNDLE_IDENTIFIER = Vasanth.MemeCreaterApp;
				PRODUCT_NAME = "$(TARGET_NAME)";
				SWIFT_VERSION = 3.0;
			};
			name = Debug;
		};
		74A02D7F1F3781ED0017828A /* Release */ = {
			isa = XCBuildConfiguration;
			buildSettings = {
				ASSETCATALOG_COMPILER_APPICON_NAME = AppIcon;
				INFOPLIST_FILE = MemeCreaterApp/Info.plist;
				LD_RUNPATH_SEARCH_PATHS = "$(inherited) @executable_path/Frameworks";
				PRODUCT_BUNDLE_IDENTIFIER = Vasanth.MemeCreaterApp;
				PRODUCT_NAME = "$(TARGET_NAME)";
				SWIFT_VERSION = 3.0;
			};
			name = Release;
		};
/* End XCBuildConfiguration section */

/* Begin XCConfigurationList section */
		74A02D661F3781ED0017828A /* Build configuration list for PBXProject "MemeCreaterApp" */ = {
			isa = XCConfigurationList;
			buildConfigurations = (
				74A02D7B1F3781ED0017828A /* Debug */,
				74A02D7C1F3781ED0017828A /* Release */,
			);
			defaultConfigurationIsVisible = 0;
			defaultConfigurationName = Release;
		};
		74A02D7D1F3781ED0017828A /* Build configuration list for PBXNativeTarget "MemeCreaterApp" */ = {
			isa = XCConfigurationList;
			buildConfigurations = (
				74A02D7E1F3781ED0017828A /* Debug */,
				74A02D7F1F3781ED0017828A /* Release */,
			);
			defaultConfigurationIsVisible = 0;
			defaultConfigurationName = Release;
		};
/* End XCConfigurationList section */
	};
	rootObject = 74A02D631F3781ED0017828A /* Project object */;
}
